{
	"name": "react-dataflow-editor",
	"version": "0.1.6",
	"lockfileVersion": 2,
	"requires": true,
	"packages": {
		"": {
			"name": "react-dataflow-editor",
			"version": "0.1.6",
			"license": "MIT",
			"dependencies": {
				"@types/d3-drag": "^3.0.1",
				"@types/d3-quadtree": "^3.0.2",
				"@types/d3-selection": "^3.0.1",
				"@types/hoist-non-react-statics": "^3.3.1",
				"@types/react": "^17.0.11",
				"d3-drag": "^3.0.0",
				"d3-quadtree": "^3.0.1",
				"d3-selection": "^3.0.0",
				"nanoid": "^3.1.23",
				"react-dnd": "^14.0.2",
				"react-dnd-html5-backend": "^14.0.0"
			},
			"devDependencies": {
				"react": "^17.0.2",
				"typescript": "^4.3.2"
			},
			"peerDependencies": {
				"react": "^17.0.1"
			}
		},
		"node_modules/@babel/runtime": {
			"version": "7.15.4",
			"resolved": "https://registry.npmjs.org/@babel/runtime/-/runtime-7.15.4.tgz",
			"integrity": "sha512-99catp6bHCaxr4sJ/DbTGgHS4+Rs2RVd2g7iOap6SLGPDknRK9ztKNsE/Fg6QhSeh1FGE5f6gHGQmvvn3I3xhw==",
			"dependencies": {
				"regenerator-runtime": "^0.13.4"
			},
			"engines": {
				"node": ">=6.9.0"
			}
		},
		"node_modules/@react-dnd/asap": {
			"version": "4.0.0",
			"resolved": "https://registry.npmjs.org/@react-dnd/asap/-/asap-4.0.0.tgz",
			"integrity": "sha512-0XhqJSc6pPoNnf8DhdsPHtUhRzZALVzYMTzRwV4VI6DJNJ/5xxfL9OQUwb8IH5/2x7lSf7nAZrnzUD+16VyOVQ=="
		},
		"node_modules/@react-dnd/invariant": {
			"version": "2.0.0",
			"resolved": "https://registry.npmjs.org/@react-dnd/invariant/-/invariant-2.0.0.tgz",
			"integrity": "sha512-xL4RCQBCBDJ+GRwKTFhGUW8GXa4yoDfJrPbLblc3U09ciS+9ZJXJ3Qrcs/x2IODOdIE5kQxvMmE2UKyqUictUw=="
		},
		"node_modules/@react-dnd/shallowequal": {
			"version": "2.0.0",
			"resolved": "https://registry.npmjs.org/@react-dnd/shallowequal/-/shallowequal-2.0.0.tgz",
			"integrity": "sha512-Pc/AFTdwZwEKJxFJvlxrSmGe/di+aAOBn60sremrpLo6VI/6cmiUYNNwlI5KNYttg7uypzA3ILPMPgxB2GYZEg=="
		},
		"node_modules/@types/d3-drag": {
			"version": "3.0.1",
			"resolved": "https://registry.npmjs.org/@types/d3-drag/-/d3-drag-3.0.1.tgz",
			"integrity": "sha512-o1Va7bLwwk6h03+nSM8dpaGEYnoIG19P0lKqlic8Un36ymh9NSkNFX1yiXMKNMx8rJ0Kfnn2eovuFaL6Jvj0zA==",
			"dependencies": {
				"@types/d3-selection": "*"
			}
		},
		"node_modules/@types/d3-quadtree": {
			"version": "3.0.2",
			"resolved": "https://registry.npmjs.org/@types/d3-quadtree/-/d3-quadtree-3.0.2.tgz",
			"integrity": "sha512-QNcK8Jguvc8lU+4OfeNx+qnVy7c0VrDJ+CCVFS9srBo2GL9Y18CnIxBdTF3v38flrGy5s1YggcoAiu6s4fLQIw=="
		},
		"node_modules/@types/d3-selection": {
			"version": "3.0.1",
			"resolved": "https://registry.npmjs.org/@types/d3-selection/-/d3-selection-3.0.1.tgz",
			"integrity": "sha512-aJ1d1SCUtERHH65bB8NNoLpUOI3z8kVcfg2BGm4rMMUwuZF4x6qnIEKjT60Vt0o7gP/a/xkRVs4D9CpDifbyRA=="
		},
		"node_modules/@types/hoist-non-react-statics": {
			"version": "3.3.1",
			"resolved": "https://registry.npmjs.org/@types/hoist-non-react-statics/-/hoist-non-react-statics-3.3.1.tgz",
			"integrity": "sha512-iMIqiko6ooLrTh1joXodJK5X9xeEALT1kM5G3ZLhD3hszxBdIEd5C75U834D9mLcINgD4OyZf5uQXjkuYydWvA==",
			"dependencies": {
				"@types/react": "*",
				"hoist-non-react-statics": "^3.3.0"
			}
		},
		"node_modules/@types/prop-types": {
			"version": "15.7.4",
			"resolved": "https://registry.npmjs.org/@types/prop-types/-/prop-types-15.7.4.tgz",
			"integrity": "sha512-rZ5drC/jWjrArrS8BR6SIr4cWpW09RNTYt9AMZo3Jwwif+iacXAqgVjm0B0Bv/S1jhDXKHqRVNCbACkJ89RAnQ=="
		},
		"node_modules/@types/react": {
			"version": "17.0.27",
			"resolved": "https://registry.npmjs.org/@types/react/-/react-17.0.27.tgz",
			"integrity": "sha512-zgiJwtsggVGtr53MndV7jfiUESTqrbxOcBvwfe6KS/9bzaVPCTDieTWnFNecVNx6EAaapg5xsLLWFfHHR437AA==",
			"dependencies": {
				"@types/prop-types": "*",
				"@types/scheduler": "*",
				"csstype": "^3.0.2"
			}
		},
		"node_modules/@types/scheduler": {
			"version": "0.16.2",
			"resolved": "https://registry.npmjs.org/@types/scheduler/-/scheduler-0.16.2.tgz",
			"integrity": "sha512-hppQEBDmlwhFAXKJX2KnWLYu5yMfi91yazPb2l+lbJiwW+wdo1gNeRA+3RgNSO39WYX2euey41KEwnqesU2Jew=="
		},
		"node_modules/csstype": {
			"version": "3.0.9",
			"resolved": "https://registry.npmjs.org/csstype/-/csstype-3.0.9.tgz",
			"integrity": "sha512-rpw6JPxK6Rfg1zLOYCSwle2GFOOsnjmDYDaBwEcwoOg4qlsIVCN789VkBZDJAGi4T07gI4YSutR43t9Zz4Lzuw=="
		},
		"node_modules/d3-dispatch": {
			"version": "3.0.1",
			"resolved": "https://registry.npmjs.org/d3-dispatch/-/d3-dispatch-3.0.1.tgz",
			"integrity": "sha512-rzUyPU/S7rwUflMyLc1ETDeBj0NRuHKKAcvukozwhshr6g6c5d8zh4c2gQjY2bZ0dXeGLWc1PF174P2tVvKhfg==",
			"engines": {
				"node": ">=12"
			}
		},
		"node_modules/d3-drag": {
			"version": "3.0.0",
			"resolved": "https://registry.npmjs.org/d3-drag/-/d3-drag-3.0.0.tgz",
			"integrity": "sha512-pWbUJLdETVA8lQNJecMxoXfH6x+mO2UQo8rSmZ+QqxcbyA3hfeprFgIT//HW2nlHChWeIIMwS2Fq+gEARkhTkg==",
			"dependencies": {
				"d3-dispatch": "1 - 3",
				"d3-selection": "3"
			},
			"engines": {
				"node": ">=12"
			}
		},
		"node_modules/d3-quadtree": {
			"version": "3.0.1",
			"resolved": "https://registry.npmjs.org/d3-quadtree/-/d3-quadtree-3.0.1.tgz",
			"integrity": "sha512-04xDrxQTDTCFwP5H6hRhsRcb9xxv2RzkcsygFzmkSIOJy3PeRJP7sNk3VRIbKXcog561P9oU0/rVH6vDROAgUw==",
			"engines": {
				"node": ">=12"
			}
		},
		"node_modules/d3-selection": {
			"version": "3.0.0",
			"resolved": "https://registry.npmjs.org/d3-selection/-/d3-selection-3.0.0.tgz",
			"integrity": "sha512-fmTRWbNMmsmWq6xJV8D19U/gw/bwrHfNXxrIN+HfZgnzqTHp9jOmKMhsTUjXOJnZOdZY9Q28y4yebKzqDKlxlQ==",
			"engines": {
				"node": ">=12"
			}
		},
		"node_modules/dnd-core": {
			"version": "14.0.1",
			"resolved": "https://registry.npmjs.org/dnd-core/-/dnd-core-14.0.1.tgz",
			"integrity": "sha512-+PVS2VPTgKFPYWo3vAFEA8WPbTf7/xo43TifH9G8S1KqnrQu0o77A3unrF5yOugy4mIz7K5wAVFHUcha7wsz6A==",
			"dependencies": {
				"@react-dnd/asap": "^4.0.0",
				"@react-dnd/invariant": "^2.0.0",
				"redux": "^4.1.1"
			}
		},
		"node_modules/fast-deep-equal": {
			"version": "3.1.3",
			"resolved": "https://registry.npmjs.org/fast-deep-equal/-/fast-deep-equal-3.1.3.tgz",
			"integrity": "sha512-f3qQ9oQy9j2AhBe/H9VC91wLmKBCCU/gDOnKNAYG5hswO7BLKj09Hc5HYNz9cGI++xlpDCIgDaitVs03ATR84Q=="
		},
		"node_modules/hoist-non-react-statics": {
			"version": "3.3.2",
			"resolved": "https://registry.npmjs.org/hoist-non-react-statics/-/hoist-non-react-statics-3.3.2.tgz",
			"integrity": "sha512-/gGivxi8JPKWNm/W0jSmzcMPpfpPLc3dY/6GxhX2hQ9iGj3aDfklV4ET7NjKpSinLpJ5vafa9iiGIEZg10SfBw==",
			"dependencies": {
				"react-is": "^16.7.0"
			}
		},
		"node_modules/js-tokens": {
			"version": "4.0.0",
			"resolved": "https://registry.npmjs.org/js-tokens/-/js-tokens-4.0.0.tgz",
			"integrity": "sha512-RdJUflcE3cUzKiMqQgsCu06FPu9UdIJO0beYbPhHN4k6apgJtifcoCtT9bcxOpYBtpD2kCM6Sbzg4CausW/PKQ=="
		},
		"node_modules/loose-envify": {
			"version": "1.4.0",
			"resolved": "https://registry.npmjs.org/loose-envify/-/loose-envify-1.4.0.tgz",
			"integrity": "sha512-lyuxPGr/Wfhrlem2CL/UcnUc1zcqKAImBDzukY7Y5F/yQiNdko6+fRLevlw1HgMySw7f611UIY408EtxRSoK3Q==",
			"dependencies": {
				"js-tokens": "^3.0.0 || ^4.0.0"
			},
			"bin": {
				"loose-envify": "cli.js"
			}
		},
		"node_modules/nanoid": {
			"version": "3.1.29",
			"resolved": "https://registry.npmjs.org/nanoid/-/nanoid-3.1.29.tgz",
			"integrity": "sha512-dW2pUSGZ8ZnCFIlBIA31SV8huOGCHb6OwzVCc7A69rb/a+SgPBwfmLvK5TKQ3INPbRkcI8a/Owo0XbiTNH19wg==",
			"bin": {
				"nanoid": "bin/nanoid.cjs"
			},
			"engines": {
				"node": "^10 || ^12 || ^13.7 || ^14 || >=15.0.1"
			}
		},
		"node_modules/object-assign": {
			"version": "4.1.1",
			"resolved": "https://registry.npmjs.org/object-assign/-/object-assign-4.1.1.tgz",
			"integrity": "sha1-IQmtx5ZYh8/AXLvUQsrIv7s2CGM=",
			"engines": {
				"node": ">=0.10.0"
			}
		},
		"node_modules/react": {
			"version": "17.0.2",
			"resolved": "https://registry.npmjs.org/react/-/react-17.0.2.tgz",
			"integrity": "sha512-gnhPt75i/dq/z3/6q/0asP78D0u592D5L1pd7M8P+dck6Fu/jJeL6iVVK23fptSUZj8Vjf++7wXA8UNclGQcbA==",
			"dependencies": {
				"loose-envify": "^1.1.0",
				"object-assign": "^4.1.1"
			},
			"engines": {
				"node": ">=0.10.0"
			}
		},
		"node_modules/react-dnd": {
			"version": "14.0.4",
			"resolved": "https://registry.npmjs.org/react-dnd/-/react-dnd-14.0.4.tgz",
			"integrity": "sha512-AFJJXzUIWp5WAhgvI85ESkDCawM0lhoVvfo/lrseLXwFdH3kEO3v8I2C81QPqBW2UEyJBIPStOhPMGYGFtq/bg==",
			"dependencies": {
				"@react-dnd/invariant": "^2.0.0",
				"@react-dnd/shallowequal": "^2.0.0",
				"dnd-core": "14.0.1",
				"fast-deep-equal": "^3.1.3",
				"hoist-non-react-statics": "^3.3.2"
			},
			"peerDependencies": {
				"@types/hoist-non-react-statics": ">= 3.3.1",
				"@types/node": ">= 12",
				"@types/react": ">= 16",
				"react": ">= 16.14"
			},
			"peerDependenciesMeta": {
				"@types/hoist-non-react-statics": {
					"optional": true
				},
				"@types/node": {
					"optional": true
				},
				"@types/react": {
					"optional": true
				}
			}
		},
		"node_modules/react-dnd-html5-backend": {
			"version": "14.0.2",
			"resolved": "https://registry.npmjs.org/react-dnd-html5-backend/-/react-dnd-html5-backend-14.0.2.tgz",
			"integrity": "sha512-QgN6rYrOm4UUj6tIvN8ovImu6uP48xBXF2rzVsp6tvj6d5XQ7OjHI4SJ/ZgGobOneRAU3WCX4f8DGCYx0tuhlw==",
			"dependencies": {
				"dnd-core": "14.0.1"
			}
		},
		"node_modules/react-is": {
			"version": "16.13.1",
			"resolved": "https://registry.npmjs.org/react-is/-/react-is-16.13.1.tgz",
			"integrity": "sha512-24e6ynE2H+OKt4kqsOvNd8kBpV65zoxbA4BVsEOB3ARVWQki/DHzaUoC5KuON/BiccDaCCTZBuOcfZs70kR8bQ=="
		},
		"node_modules/redux": {
			"version": "4.1.1",
			"resolved": "https://registry.npmjs.org/redux/-/redux-4.1.1.tgz",
			"integrity": "sha512-hZQZdDEM25UY2P493kPYuKqviVwZ58lEmGQNeQ+gXa+U0gYPUBf7NKYazbe3m+bs/DzM/ahN12DbF+NG8i0CWw==",
			"dependencies": {
				"@babel/runtime": "^7.9.2"
			}
		},
		"node_modules/regenerator-runtime": {
			"version": "0.13.9",
			"resolved": "https://registry.npmjs.org/regenerator-runtime/-/regenerator-runtime-0.13.9.tgz",
			"integrity": "sha512-p3VT+cOEgxFsRRA9X4lkI1E+k2/CtnKtU4gcxyaCUreilL/vqI6CdZ3wxVUx3UOUg+gnUOQQcRI7BmSI656MYA=="
		},
		"node_modules/typescript": {
			"version": "4.4.3",
			"resolved": "https://registry.npmjs.org/typescript/-/typescript-4.4.3.tgz",
			"integrity": "sha512-4xfscpisVgqqDfPaJo5vkd+Qd/ItkoagnHpufr+i2QCHBsNYp+G7UAoyFl8aPtx879u38wPV65rZ8qbGZijalA==",
			"dev": true,
			"bin": {
				"tsc": "bin/tsc",
				"tsserver": "bin/tsserver"
			},
			"engines": {
				"node": ">=4.2.0"
			}
		}
	},
	"dependencies": {
		"@babel/runtime": {
			"version": "7.15.4",
			"resolved": "https://registry.npmjs.org/@babel/runtime/-/runtime-7.15.4.tgz",
			"integrity": "sha512-99catp6bHCaxr4sJ/DbTGgHS4+Rs2RVd2g7iOap6SLGPDknRK9ztKNsE/Fg6QhSeh1FGE5f6gHGQmvvn3I3xhw==",
			"requires": {
				"regenerator-runtime": "^0.13.4"
			}
		},
		"@react-dnd/asap": {
			"version": "4.0.0",
			"resolved": "https://registry.npmjs.org/@react-dnd/asap/-/asap-4.0.0.tgz",
			"integrity": "sha512-0XhqJSc6pPoNnf8DhdsPHtUhRzZALVzYMTzRwV4VI6DJNJ/5xxfL9OQUwb8IH5/2x7lSf7nAZrnzUD+16VyOVQ=="
		},
		"@react-dnd/invariant": {
			"version": "2.0.0",
			"resolved": "https://registry.npmjs.org/@react-dnd/invariant/-/invariant-2.0.0.tgz",
			"integrity": "sha512-xL4RCQBCBDJ+GRwKTFhGUW8GXa4yoDfJrPbLblc3U09ciS+9ZJXJ3Qrcs/x2IODOdIE5kQxvMmE2UKyqUictUw=="
		},
		"@react-dnd/shallowequal": {
			"version": "2.0.0",
			"resolved": "https://registry.npmjs.org/@react-dnd/shallowequal/-/shallowequal-2.0.0.tgz",
			"integrity": "sha512-Pc/AFTdwZwEKJxFJvlxrSmGe/di+aAOBn60sremrpLo6VI/6cmiUYNNwlI5KNYttg7uypzA3ILPMPgxB2GYZEg=="
		},
		"@types/d3-drag": {
			"version": "3.0.1",
			"resolved": "https://registry.npmjs.org/@types/d3-drag/-/d3-drag-3.0.1.tgz",
			"integrity": "sha512-o1Va7bLwwk6h03+nSM8dpaGEYnoIG19P0lKqlic8Un36ymh9NSkNFX1yiXMKNMx8rJ0Kfnn2eovuFaL6Jvj0zA==",
			"requires": {
				"@types/d3-selection": "*"
			}
		},
		"@types/d3-quadtree": {
			"version": "3.0.2",
			"resolved": "https://registry.npmjs.org/@types/d3-quadtree/-/d3-quadtree-3.0.2.tgz",
			"integrity": "sha512-QNcK8Jguvc8lU+4OfeNx+qnVy7c0VrDJ+CCVFS9srBo2GL9Y18CnIxBdTF3v38flrGy5s1YggcoAiu6s4fLQIw=="
		},
		"@types/d3-selection": {
			"version": "3.0.1",
			"resolved": "https://registry.npmjs.org/@types/d3-selection/-/d3-selection-3.0.1.tgz",
			"integrity": "sha512-aJ1d1SCUtERHH65bB8NNoLpUOI3z8kVcfg2BGm4rMMUwuZF4x6qnIEKjT60Vt0o7gP/a/xkRVs4D9CpDifbyRA=="
		},
		"@types/hoist-non-react-statics": {
			"version": "3.3.1",
			"resolved": "https://registry.npmjs.org/@types/hoist-non-react-statics/-/hoist-non-react-statics-3.3.1.tgz",
			"integrity": "sha512-iMIqiko6ooLrTh1joXodJK5X9xeEALT1kM5G3ZLhD3hszxBdIEd5C75U834D9mLcINgD4OyZf5uQXjkuYydWvA==",
			"requires": {
				"@types/react": "*",
				"hoist-non-react-statics": "^3.3.0"
			}
		},
		"@types/prop-types": {
			"version": "15.7.4",
			"resolved": "https://registry.npmjs.org/@types/prop-types/-/prop-types-15.7.4.tgz",
			"integrity": "sha512-rZ5drC/jWjrArrS8BR6SIr4cWpW09RNTYt9AMZo3Jwwif+iacXAqgVjm0B0Bv/S1jhDXKHqRVNCbACkJ89RAnQ=="
		},
		"@types/react": {
			"version": "17.0.27",
			"resolved": "https://registry.npmjs.org/@types/react/-/react-17.0.27.tgz",
			"integrity": "sha512-zgiJwtsggVGtr53MndV7jfiUESTqrbxOcBvwfe6KS/9bzaVPCTDieTWnFNecVNx6EAaapg5xsLLWFfHHR437AA==",
			"requires": {
				"@types/prop-types": "*",
				"@types/scheduler": "*",
				"csstype": "^3.0.2"
			}
		},
		"@types/scheduler": {
			"version": "0.16.2",
			"resolved": "https://registry.npmjs.org/@types/scheduler/-/scheduler-0.16.2.tgz",
			"integrity": "sha512-hppQEBDmlwhFAXKJX2KnWLYu5yMfi91yazPb2l+lbJiwW+wdo1gNeRA+3RgNSO39WYX2euey41KEwnqesU2Jew=="
		},
		"csstype": {
			"version": "3.0.9",
			"resolved": "https://registry.npmjs.org/csstype/-/csstype-3.0.9.tgz",
			"integrity": "sha512-rpw6JPxK6Rfg1zLOYCSwle2GFOOsnjmDYDaBwEcwoOg4qlsIVCN789VkBZDJAGi4T07gI4YSutR43t9Zz4Lzuw=="
		},
		"d3-dispatch": {
			"version": "3.0.1",
			"resolved": "https://registry.npmjs.org/d3-dispatch/-/d3-dispatch-3.0.1.tgz",
			"integrity": "sha512-rzUyPU/S7rwUflMyLc1ETDeBj0NRuHKKAcvukozwhshr6g6c5d8zh4c2gQjY2bZ0dXeGLWc1PF174P2tVvKhfg=="
		},
		"d3-drag": {
			"version": "3.0.0",
			"resolved": "https://registry.npmjs.org/d3-drag/-/d3-drag-3.0.0.tgz",
			"integrity": "sha512-pWbUJLdETVA8lQNJecMxoXfH6x+mO2UQo8rSmZ+QqxcbyA3hfeprFgIT//HW2nlHChWeIIMwS2Fq+gEARkhTkg==",
			"requires": {
				"d3-dispatch": "1 - 3",
				"d3-selection": "3"
			}
		},
		"d3-quadtree": {
			"version": "3.0.1",
			"resolved": "https://registry.npmjs.org/d3-quadtree/-/d3-quadtree-3.0.1.tgz",
			"integrity": "sha512-04xDrxQTDTCFwP5H6hRhsRcb9xxv2RzkcsygFzmkSIOJy3PeRJP7sNk3VRIbKXcog561P9oU0/rVH6vDROAgUw=="
		},
		"d3-selection": {
			"version": "3.0.0",
			"resolved": "https://registry.npmjs.org/d3-selection/-/d3-selection-3.0.0.tgz",
			"integrity": "sha512-fmTRWbNMmsmWq6xJV8D19U/gw/bwrHfNXxrIN+HfZgnzqTHp9jOmKMhsTUjXOJnZOdZY9Q28y4yebKzqDKlxlQ=="
		},
		"dnd-core": {
			"version": "14.0.1",
			"resolved": "https://registry.npmjs.org/dnd-core/-/dnd-core-14.0.1.tgz",
			"integrity": "sha512-+PVS2VPTgKFPYWo3vAFEA8WPbTf7/xo43TifH9G8S1KqnrQu0o77A3unrF5yOugy4mIz7K5wAVFHUcha7wsz6A==",
			"requires": {
				"@react-dnd/asap": "^4.0.0",
				"@react-dnd/invariant": "^2.0.0",
				"redux": "^4.1.1"
			}
		},
		"fast-deep-equal": {
			"version": "3.1.3",
			"resolved": "https://registry.npmjs.org/fast-deep-equal/-/fast-deep-equal-3.1.3.tgz",
			"integrity": "sha512-f3qQ9oQy9j2AhBe/H9VC91wLmKBCCU/gDOnKNAYG5hswO7BLKj09Hc5HYNz9cGI++xlpDCIgDaitVs03ATR84Q=="
		},
		"hoist-non-react-statics": {
			"version": "3.3.2",
			"resolved": "https://registry.npmjs.org/hoist-non-react-statics/-/hoist-non-react-statics-3.3.2.tgz",
			"integrity": "sha512-/gGivxi8JPKWNm/W0jSmzcMPpfpPLc3dY/6GxhX2hQ9iGj3aDfklV4ET7NjKpSinLpJ5vafa9iiGIEZg10SfBw==",
			"requires": {
				"react-is": "^16.7.0"
			}
		},
		"js-tokens": {
			"version": "4.0.0",
			"resolved": "https://registry.npmjs.org/js-tokens/-/js-tokens-4.0.0.tgz",
			"integrity": "sha512-RdJUflcE3cUzKiMqQgsCu06FPu9UdIJO0beYbPhHN4k6apgJtifcoCtT9bcxOpYBtpD2kCM6Sbzg4CausW/PKQ=="
		},
		"loose-envify": {
			"version": "1.4.0",
			"resolved": "https://registry.npmjs.org/loose-envify/-/loose-envify-1.4.0.tgz",
			"integrity": "sha512-lyuxPGr/Wfhrlem2CL/UcnUc1zcqKAImBDzukY7Y5F/yQiNdko6+fRLevlw1HgMySw7f611UIY408EtxRSoK3Q==",
			"requires": {
				"js-tokens": "^3.0.0 || ^4.0.0"
			}
		},
		"nanoid": {
			"version": "3.1.29",
			"resolved": "https://registry.npmjs.org/nanoid/-/nanoid-3.1.29.tgz",
			"integrity": "sha512-dW2pUSGZ8ZnCFIlBIA31SV8huOGCHb6OwzVCc7A69rb/a+SgPBwfmLvK5TKQ3INPbRkcI8a/Owo0XbiTNH19wg=="
		},
		"object-assign": {
			"version": "4.1.1",
			"resolved": "https://registry.npmjs.org/object-assign/-/object-assign-4.1.1.tgz",
			"integrity": "sha1-IQmtx5ZYh8/AXLvUQsrIv7s2CGM="
		},
		"react": {
			"version": "17.0.2",
			"resolved": "https://registry.npmjs.org/react/-/react-17.0.2.tgz",
			"integrity": "sha512-gnhPt75i/dq/z3/6q/0asP78D0u592D5L1pd7M8P+dck6Fu/jJeL6iVVK23fptSUZj8Vjf++7wXA8UNclGQcbA==",
			"requires": {
				"loose-envify": "^1.1.0",
				"object-assign": "^4.1.1"
			}
		},
		"react-dnd": {
			"version": "14.0.4",
			"resolved": "https://registry.npmjs.org/react-dnd/-/react-dnd-14.0.4.tgz",
			"integrity": "sha512-AFJJXzUIWp5WAhgvI85ESkDCawM0lhoVvfo/lrseLXwFdH3kEO3v8I2C81QPqBW2UEyJBIPStOhPMGYGFtq/bg==",
			"requires": {
				"@react-dnd/invariant": "^2.0.0",
				"@react-dnd/shallowequal": "^2.0.0",
				"dnd-core": "14.0.1",
				"fast-deep-equal": "^3.1.3",
				"hoist-non-react-statics": "^3.3.2"
			}
		},
		"react-dnd-html5-backend": {
			"version": "14.0.2",
			"resolved": "https://registry.npmjs.org/react-dnd-html5-backend/-/react-dnd-html5-backend-14.0.2.tgz",
			"integrity": "sha512-QgN6rYrOm4UUj6tIvN8ovImu6uP48xBXF2rzVsp6tvj6d5XQ7OjHI4SJ/ZgGobOneRAU3WCX4f8DGCYx0tuhlw==",
			"requires": {
				"dnd-core": "14.0.1"
			}
		},
		"react-is": {
			"version": "16.13.1",
			"resolved": "https://registry.npmjs.org/react-is/-/react-is-16.13.1.tgz",
			"integrity": "sha512-24e6ynE2H+OKt4kqsOvNd8kBpV65zoxbA4BVsEOB3ARVWQki/DHzaUoC5KuON/BiccDaCCTZBuOcfZs70kR8bQ=="
		},
		"redux": {
			"version": "4.1.1",
			"resolved": "https://registry.npmjs.org/redux/-/redux-4.1.1.tgz",
			"integrity": "sha512-hZQZdDEM25UY2P493kPYuKqviVwZ58lEmGQNeQ+gXa+U0gYPUBf7NKYazbe3m+bs/DzM/ahN12DbF+NG8i0CWw==",
			"requires": {
				"@babel/runtime": "^7.9.2"
			}
		},
		"regenerator-runtime": {
			"version": "0.13.9",
			"resolved": "https://registry.npmjs.org/regenerator-runtime/-/regenerator-runtime-0.13.9.tgz",
			"integrity": "sha512-p3VT+cOEgxFsRRA9X4lkI1E+k2/CtnKtU4gcxyaCUreilL/vqI6CdZ3wxVUx3UOUg+gnUOQQcRI7BmSI656MYA=="
		},
		"typescript": {
			"version": "4.4.3",
			"resolved": "https://registry.npmjs.org/typescript/-/typescript-4.4.3.tgz",
			"integrity": "sha512-4xfscpisVgqqDfPaJo5vkd+Qd/ItkoagnHpufr+i2QCHBsNYp+G7UAoyFl8aPtx879u38wPV65rZ8qbGZijalA==",
			"dev": true
		}
	}
}
